
Microsoft Visual Studio Solution File, Format Version 11.00
# Visual Studio 2010
Project("{FAE04EC0-301F-11D3-BF4B-00C04F79EFBC}") = "VMat", "VMat\VMat.csproj", "{1BC6B2B9-B049-4924-B6A1-A23107008097}"
EndProject
Project("{FAE04EC0-301F-11D3-BF4B-00C04F79EFBC}") = "BackendVMWare", "BackendVMWare\BackendVMWare.csproj", "{5CC28BC4-4D11-418E-B962-41FC2DEE2E1E}"
EndProject
Project("{FAE04EC0-301F-11D3-BF4B-00C04F79EFBC}") = "BackendTests", "BackendTests\BackendTests.csproj", "{C5F7B936-7A91-49C2-92A3-C506DFC4C335}"
EndProject
Project("{2150E333-8FDC-42A3-9474-1A3956D46DE8}") = "Solution Items", "Solution Items", "{14F34226-55A8-478E-AB22-7838937BA080}"
	ProjectSection(SolutionItems) = preProject
		Local.testsettings = Local.testsettings
		TraceAndTestImpact.testsettings = TraceAndTestImpact.testsettings
		VMat.vsmdi = VMat.vsmdi
	EndProjectSection
EndProject
Global
	GlobalSection(TestCaseManagementSettings) = postSolution
		CategoryFile = VMat.vsmdi
	EndGlobalSection
	GlobalSection(SolutionConfigurationPlatforms) = preSolution
		Debug|Any CPU = Debug|Any CPU
		Debug|x86 = Debug|x86
		Release|Any CPU = Release|Any CPU
		Release|x86 = Release|x86
	EndGlobalSection
	GlobalSection(ProjectConfigurationPlatforms) = postSolution
		{1BC6B2B9-B049-4924-B6A1-A23107008097}.Debug|Any CPU.ActiveCfg = Debug|Any CPU
		{1BC6B2B9-B049-4924-B6A1-A23107008097}.Debug|Any CPU.Build.0 = Debug|Any CPU
		{1BC6B2B9-B049-4924-B6A1-A23107008097}.Debug|x86.ActiveCfg = Debug|Any CPU
		{1BC6B2B9-B049-4924-B6A1-A23107008097}.Debug|x86.Build.0 = Debug|Any CPU
		{1BC6B2B9-B049-4924-B6A1-A23107008097}.Release|Any CPU.ActiveCfg = Release|Any CPU
		{1BC6B2B9-B049-4924-B6A1-A23107008097}.Release|Any CPU.Build.0 = Release|Any CPU
		{1BC6B2B9-B049-4924-B6A1-A23107008097}.Release|x86.ActiveCfg = Release|Any CPU
		{5CC28BC4-4D11-418E-B962-41FC2DEE2E1E}.Debug|Any CPU.ActiveCfg = Debug|Any CPU
		{5CC28BC4-4D11-418E-B962-41FC2DEE2E1E}.Debug|Any CPU.Build.0 = Debug|Any CPU
		{5CC28BC4-4D11-418E-B962-41FC2DEE2E1E}.Debug|x86.ActiveCfg = Debug|Any CPU
		{5CC28BC4-4D11-418E-B962-41FC2DEE2E1E}.Debug|x86.Build.0 = Debug|Any CPU
		{5CC28BC4-4D11-418E-B962-41FC2DEE2E1E}.Release|Any CPU.ActiveCfg = Release|Any CPU
		{5CC28BC4-4D11-418E-B962-41FC2DEE2E1E}.Release|Any CPU.Build.0 = Release|Any CPU
		{5CC28BC4-4D11-418E-B962-41FC2DEE2E1E}.Release|x86.ActiveCfg = Release|Any CPU
		{C5F7B936-7A91-49C2-92A3-C506DFC4C335}.Debug|Any CPU.ActiveCfg = Debug|Any CPU
		{C5F7B936-7A91-49C2-92A3-C506DFC4C335}.Debug|Any CPU.Build.0 = Debug|Any CPU
		{C5F7B936-7A91-49C2-92A3-C506DFC4C335}.Debug|x86.ActiveCfg = Debug|x86
		{C5F7B936-7A91-49C2-92A3-C506DFC4C335}.Debug|x86.Build.0 = Debug|x86
		{C5F7B936-7A91-49C2-92A3-C506DFC4C335}.Release|Any CPU.ActiveCfg = Release|Any CPU
		{C5F7B936-7A91-49C2-92A3-C506DFC4C335}.Release|Any CPU.Build.0 = Release|Any CPU
		{C5F7B936-7A91-49C2-92A3-C506DFC4C335}.Release|x86.ActiveCfg = Release|x86
		{C5F7B936-7A91-49C2-92A3-C506DFC4C335}.Release|x86.Build.0 = Release|x86
	EndGlobalSection
	GlobalSection(SolutionProperties) = preSolution
		HideSolutionNode = FALSE
	EndGlobalSection
EndGlobal
