
Microsoft Visual Studio Solution File, Format Version 11.00
# Visual Studio 2010
Project("{FAE04EC0-301F-11D3-BF4B-00C04F79EFBC}") = "VMat", "VMat\VMat.csproj", "{1BC6B2B9-B049-4924-B6A1-A23107008097}"
EndProject
Global
	GlobalSection(SolutionConfigurationPlatforms) = preSolution
		Debug|Any CPU = Debug|Any CPU
		Release|Any CPU = Release|Any CPU
	EndGlobalSection
	GlobalSection(ProjectConfigurationPlatforms) = postSolution
		{1BC6B2B9-B049-4924-B6A1-A23107008097}.Debug|Any CPU.ActiveCfg = Debug|Any CPU
		{1BC6B2B9-B049-4924-B6A1-A23107008097}.Debug|Any CPU.Build.0 = Debug|Any CPU
		{1BC6B2B9-B049-4924-B6A1-A23107008097}.Release|Any CPU.ActiveCfg = Release|Any CPU
		{1BC6B2B9-B049-4924-B6A1-A23107008097}.Release|Any CPU.Build.0 = Release|Any CPU
	EndGlobalSection
	GlobalSection(SolutionProperties) = preSolution
		HideSolutionNode = FALSE
	EndGlobalSection
EndGlobal
